
Microsoft Visual Studio Solution File, Format Version 12.00
# Visual Studio Version 17
VisualStudioVersion = 17.4.33213.308
MinimumVisualStudioVersion = 10.0.40219.1
Project("{2150E333-8FDC-42A3-9474-1A3956D46DE8}") = "Services", "Services", "{BAFEC334-B49B-4070-8411-C6099879446A}"
EndProject
Project("{2150E333-8FDC-42A3-9474-1A3956D46DE8}") = "Catalog", "Catalog", "{D2BF921A-B5DB-492E-AC09-A4BCA854219D}"
EndProject
Project("{9A19103F-16F7-4668-BE54-9A1E7A4F7556}") = "Catalog.API", "Services\Catalog\Catalog.API\Catalog.API.csproj", "{4E49404F-9D70-4D54-A0E7-CF19B15E5AD1}"
EndProject
Project("{E53339B2-1760-4266-BCC7-CA923CBCF16C}") = "docker-compose", "docker-compose.dcproj", "{1A966ACF-D1DE-4CA1-BF1B-A149FF7A26BD}"
EndProject
Project("{2150E333-8FDC-42A3-9474-1A3956D46DE8}") = "Basket", "Basket", "{9AFB85B0-C17F-4057-9F92-57B816D2E000}"
EndProject
Project("{9A19103F-16F7-4668-BE54-9A1E7A4F7556}") = "Basket.API", "Services\Basket\Basket.API\Basket.API.csproj", "{DE0A3C94-4CA1-4707-A794-B2B8F98CF89D}"
EndProject
Project("{2150E333-8FDC-42A3-9474-1A3956D46DE8}") = "Discount", "Discount", "{D3DCE5FD-86F7-4661-9535-3B19AD94A789}"
EndProject
Project("{9A19103F-16F7-4668-BE54-9A1E7A4F7556}") = "Discount.API", "Services\Discount\Discount.API\Discount.API.csproj", "{0BE7D737-6034-445D-9732-6089E3D03AEE}"
EndProject
Project("{9A19103F-16F7-4668-BE54-9A1E7A4F7556}") = "Discount.Grpc", "Services\Discount\Discount.Grpc\Discount.Grpc.csproj", "{E6D41E75-EB77-4B3C-9567-81EBA16FB4C3}"
EndProject
Project("{2150E333-8FDC-42A3-9474-1A3956D46DE8}") = "Ordering", "Ordering", "{2D67E301-44DB-4177-BEEE-13FF909E6D4C}"
EndProject
Project("{9A19103F-16F7-4668-BE54-9A1E7A4F7556}") = "Ordering.API", "Services\Ordering\Ordering.API\Ordering.API.csproj", "{5D2EE8E3-BFEA-4C1D-A7F1-800E172312DD}"
EndProject
Project("{FAE04EC0-301F-11D3-BF4B-00C04F79EFBC}") = "Ordering.Application", "Services\Ordering\Ordering.Application\Ordering.Application.csproj", "{753840F6-4FE4-49A3-B9EB-78FEB04A9805}"
EndProject
Project("{FAE04EC0-301F-11D3-BF4B-00C04F79EFBC}") = "Ordering.Domain", "Services\Ordering\Ordering.Domain\Ordering.Domain.csproj", "{A4162C8A-C1ED-471B-9A64-7AA987356D16}"
EndProject
Project("{FAE04EC0-301F-11D3-BF4B-00C04F79EFBC}") = "Ordering.Infrastructure", "Services\Ordering\Ordering.Infrastructure\Ordering.Infrastructure.csproj", "{EA14FD24-2CAA-499B-BD8D-F973EEEDE3CB}"
EndProject
Global
	GlobalSection(SolutionConfigurationPlatforms) = preSolution
		Debug|Any CPU = Debug|Any CPU
		Release|Any CPU = Release|Any CPU
	EndGlobalSection
	GlobalSection(ProjectConfigurationPlatforms) = postSolution
		{4E49404F-9D70-4D54-A0E7-CF19B15E5AD1}.Debug|Any CPU.ActiveCfg = Debug|Any CPU
		{4E49404F-9D70-4D54-A0E7-CF19B15E5AD1}.Debug|Any CPU.Build.0 = Debug|Any CPU
		{4E49404F-9D70-4D54-A0E7-CF19B15E5AD1}.Release|Any CPU.ActiveCfg = Release|Any CPU
		{4E49404F-9D70-4D54-A0E7-CF19B15E5AD1}.Release|Any CPU.Build.0 = Release|Any CPU
		{1A966ACF-D1DE-4CA1-BF1B-A149FF7A26BD}.Debug|Any CPU.ActiveCfg = Debug|Any CPU
		{1A966ACF-D1DE-4CA1-BF1B-A149FF7A26BD}.Debug|Any CPU.Build.0 = Debug|Any CPU
		{1A966ACF-D1DE-4CA1-BF1B-A149FF7A26BD}.Release|Any CPU.ActiveCfg = Release|Any CPU
		{1A966ACF-D1DE-4CA1-BF1B-A149FF7A26BD}.Release|Any CPU.Build.0 = Release|Any CPU
		{DE0A3C94-4CA1-4707-A794-B2B8F98CF89D}.Debug|Any CPU.ActiveCfg = Debug|Any CPU
		{DE0A3C94-4CA1-4707-A794-B2B8F98CF89D}.Debug|Any CPU.Build.0 = Debug|Any CPU
		{DE0A3C94-4CA1-4707-A794-B2B8F98CF89D}.Release|Any CPU.ActiveCfg = Release|Any CPU
		{DE0A3C94-4CA1-4707-A794-B2B8F98CF89D}.Release|Any CPU.Build.0 = Release|Any CPU
		{0BE7D737-6034-445D-9732-6089E3D03AEE}.Debug|Any CPU.ActiveCfg = Debug|Any CPU
		{0BE7D737-6034-445D-9732-6089E3D03AEE}.Debug|Any CPU.Build.0 = Debug|Any CPU
		{0BE7D737-6034-445D-9732-6089E3D03AEE}.Release|Any CPU.ActiveCfg = Release|Any CPU
		{0BE7D737-6034-445D-9732-6089E3D03AEE}.Release|Any CPU.Build.0 = Release|Any CPU
		{E6D41E75-EB77-4B3C-9567-81EBA16FB4C3}.Debug|Any CPU.ActiveCfg = Debug|Any CPU
		{E6D41E75-EB77-4B3C-9567-81EBA16FB4C3}.Debug|Any CPU.Build.0 = Debug|Any CPU
		{E6D41E75-EB77-4B3C-9567-81EBA16FB4C3}.Release|Any CPU.ActiveCfg = Release|Any CPU
		{E6D41E75-EB77-4B3C-9567-81EBA16FB4C3}.Release|Any CPU.Build.0 = Release|Any CPU
		{5D2EE8E3-BFEA-4C1D-A7F1-800E172312DD}.Debug|Any CPU.ActiveCfg = Debug|Any CPU
		{5D2EE8E3-BFEA-4C1D-A7F1-800E172312DD}.Debug|Any CPU.Build.0 = Debug|Any CPU
		{5D2EE8E3-BFEA-4C1D-A7F1-800E172312DD}.Release|Any CPU.ActiveCfg = Release|Any CPU
		{5D2EE8E3-BFEA-4C1D-A7F1-800E172312DD}.Release|Any CPU.Build.0 = Release|Any CPU
		{753840F6-4FE4-49A3-B9EB-78FEB04A9805}.Debug|Any CPU.ActiveCfg = Debug|Any CPU
		{753840F6-4FE4-49A3-B9EB-78FEB04A9805}.Debug|Any CPU.Build.0 = Debug|Any CPU
		{753840F6-4FE4-49A3-B9EB-78FEB04A9805}.Release|Any CPU.ActiveCfg = Release|Any CPU
		{753840F6-4FE4-49A3-B9EB-78FEB04A9805}.Release|Any CPU.Build.0 = Release|Any CPU
		{A4162C8A-C1ED-471B-9A64-7AA987356D16}.Debug|Any CPU.ActiveCfg = Debug|Any CPU
		{A4162C8A-C1ED-471B-9A64-7AA987356D16}.Debug|Any CPU.Build.0 = Debug|Any CPU
		{A4162C8A-C1ED-471B-9A64-7AA987356D16}.Release|Any CPU.ActiveCfg = Release|Any CPU
		{A4162C8A-C1ED-471B-9A64-7AA987356D16}.Release|Any CPU.Build.0 = Release|Any CPU
		{EA14FD24-2CAA-499B-BD8D-F973EEEDE3CB}.Debug|Any CPU.ActiveCfg = Debug|Any CPU
		{EA14FD24-2CAA-499B-BD8D-F973EEEDE3CB}.Debug|Any CPU.Build.0 = Debug|Any CPU
		{EA14FD24-2CAA-499B-BD8D-F973EEEDE3CB}.Release|Any CPU.ActiveCfg = Release|Any CPU
		{EA14FD24-2CAA-499B-BD8D-F973EEEDE3CB}.Release|Any CPU.Build.0 = Release|Any CPU
	EndGlobalSection
	GlobalSection(SolutionProperties) = preSolution
		HideSolutionNode = FALSE
	EndGlobalSection
	GlobalSection(NestedProjects) = preSolution
		{D2BF921A-B5DB-492E-AC09-A4BCA854219D} = {BAFEC334-B49B-4070-8411-C6099879446A}
		{4E49404F-9D70-4D54-A0E7-CF19B15E5AD1} = {D2BF921A-B5DB-492E-AC09-A4BCA854219D}
		{9AFB85B0-C17F-4057-9F92-57B816D2E000} = {BAFEC334-B49B-4070-8411-C6099879446A}
		{DE0A3C94-4CA1-4707-A794-B2B8F98CF89D} = {9AFB85B0-C17F-4057-9F92-57B816D2E000}
		{D3DCE5FD-86F7-4661-9535-3B19AD94A789} = {BAFEC334-B49B-4070-8411-C6099879446A}
		{0BE7D737-6034-445D-9732-6089E3D03AEE} = {D3DCE5FD-86F7-4661-9535-3B19AD94A789}
		{E6D41E75-EB77-4B3C-9567-81EBA16FB4C3} = {D3DCE5FD-86F7-4661-9535-3B19AD94A789}
		{2D67E301-44DB-4177-BEEE-13FF909E6D4C} = {BAFEC334-B49B-4070-8411-C6099879446A}
		{5D2EE8E3-BFEA-4C1D-A7F1-800E172312DD} = {2D67E301-44DB-4177-BEEE-13FF909E6D4C}
		{753840F6-4FE4-49A3-B9EB-78FEB04A9805} = {2D67E301-44DB-4177-BEEE-13FF909E6D4C}
		{A4162C8A-C1ED-471B-9A64-7AA987356D16} = {2D67E301-44DB-4177-BEEE-13FF909E6D4C}
		{EA14FD24-2CAA-499B-BD8D-F973EEEDE3CB} = {2D67E301-44DB-4177-BEEE-13FF909E6D4C}
	EndGlobalSection
	GlobalSection(ExtensibilityGlobals) = postSolution
		SolutionGuid = {B61C8DC5-B367-49ED-A7B6-CB5269183E81}
	EndGlobalSection
EndGlobal
